
Microsoft Visual Studio Solution File, Format Version 12.00
# Visual Studio Version 16
VisualStudioVersion = 16.0.31911.196
MinimumVisualStudioVersion = 10.0.40219.1
Project("{FAE04EC0-301F-11D3-BF4B-00C04F79EFBC}") = "BestBuyBestPractices", "BestBuyBestPractices\BestBuyBestPractices.csproj", "{12EA6EFD-E45B-473F-B14B-8F3E4B58D06E}"
EndProject
Global
	GlobalSection(SolutionConfigurationPlatforms) = preSolution
		Debug|Any CPU = Debug|Any CPU
		Release|Any CPU = Release|Any CPU
	EndGlobalSection
	GlobalSection(ProjectConfigurationPlatforms) = postSolution
		{12EA6EFD-E45B-473F-B14B-8F3E4B58D06E}.Debug|Any CPU.ActiveCfg = Debug|Any CPU
		{12EA6EFD-E45B-473F-B14B-8F3E4B58D06E}.Debug|Any CPU.Build.0 = Debug|Any CPU
		{12EA6EFD-E45B-473F-B14B-8F3E4B58D06E}.Release|Any CPU.ActiveCfg = Release|Any CPU
		{12EA6EFD-E45B-473F-B14B-8F3E4B58D06E}.Release|Any CPU.Build.0 = Release|Any CPU
	EndGlobalSection
	GlobalSection(SolutionProperties) = preSolution
		HideSolutionNode = FALSE
	EndGlobalSection
	GlobalSection(ExtensibilityGlobals) = postSolution
		SolutionGuid = {0613DD1E-3434-470E-8A25-9395C3DE2852}
	EndGlobalSection
EndGlobal
